
Microsoft Visual Studio Solution File, Format Version 12.00
# Visual Studio Version 16
VisualStudioVersion = 16.0.30717.126
MinimumVisualStudioVersion = 10.0.40219.1
Project("{FAE04EC0-301F-11D3-BF4B-00C04F79EFBC}") = "Recruitment", "Recruitment\Recruitment.csproj", "{D191D38C-EB94-4D05-A831-2149A91A1F13}"
EndProject
Global
	GlobalSection(SolutionConfigurationPlatforms) = preSolution
		Debug|Any CPU = Debug|Any CPU
		Release|Any CPU = Release|Any CPU
	EndGlobalSection
	GlobalSection(ProjectConfigurationPlatforms) = postSolution
		{D191D38C-EB94-4D05-A831-2149A91A1F13}.Debug|Any CPU.ActiveCfg = Debug|Any CPU
		{D191D38C-EB94-4D05-A831-2149A91A1F13}.Debug|Any CPU.Build.0 = Debug|Any CPU
		{D191D38C-EB94-4D05-A831-2149A91A1F13}.Release|Any CPU.ActiveCfg = Release|Any CPU
		{D191D38C-EB94-4D05-A831-2149A91A1F13}.Release|Any CPU.Build.0 = Release|Any CPU
	EndGlobalSection
	GlobalSection(SolutionProperties) = preSolution
		HideSolutionNode = FALSE
	EndGlobalSection
	GlobalSection(ExtensibilityGlobals) = postSolution
		SolutionGuid = {54B3151B-D1F8-42DF-BC5A-800787558B5A}
	EndGlobalSection
EndGlobal
